
Microsoft Visual Studio Solution File, Format Version 10.00
# Visual Studio 2008
Project("{FAE04EC0-301F-11D3-BF4B-00C04F79EFBC}") = "Swing_1", "Swing_1\Swing_1.csproj", "{233AEE77-4DDB-4E67-ACEC-0C20CE3DDC61}"
EndProject
Global
	GlobalSection(SolutionConfigurationPlatforms) = preSolution
		Debug|Any CPU = Debug|Any CPU
		Release|Any CPU = Release|Any CPU
	EndGlobalSection
	GlobalSection(ProjectConfigurationPlatforms) = postSolution
		{233AEE77-4DDB-4E67-ACEC-0C20CE3DDC61}.Debug|Any CPU.ActiveCfg = Debug|Any CPU
		{233AEE77-4DDB-4E67-ACEC-0C20CE3DDC61}.Debug|Any CPU.Build.0 = Debug|Any CPU
		{233AEE77-4DDB-4E67-ACEC-0C20CE3DDC61}.Release|Any CPU.ActiveCfg = Release|Any CPU
		{233AEE77-4DDB-4E67-ACEC-0C20CE3DDC61}.Release|Any CPU.Build.0 = Release|Any CPU
	EndGlobalSection
	GlobalSection(SolutionProperties) = preSolution
		HideSolutionNode = FALSE
	EndGlobalSection
EndGlobal
